
Microsoft Visual Studio Solution File, Format Version 12.00
# Visual Studio Version 16
VisualStudioVersion = 16.0.30204.135
MinimumVisualStudioVersion = 15.0.26124.0
Project("{2150E333-8FDC-42A3-9474-1A3956D46DE8}") = "src", "src", "{34BEBE2C-C6BD-44AA-9084-5420C1327EC7}"
EndProject
Project("{2150E333-8FDC-42A3-9474-1A3956D46DE8}") = "Services", "Services", "{8059F8A0-0C16-4940-97FD-FA03ABAE61E3}"
EndProject
Project("{9A19103F-16F7-4668-BE54-9A1E7A4F7556}") = "Catalog.API", "Services\Catalog\Catalog.API\Catalog.API.csproj", "{8DC337D5-F9EB-4B81-A87E-D8DC4797E9EA}"
EndProject
Project("{2150E333-8FDC-42A3-9474-1A3956D46DE8}") = "Catalog", "Catalog", "{C5A8B874-8129-4A78-96F8-10BF08D5C773}"
EndProject
Project("{2150E333-8FDC-42A3-9474-1A3956D46DE8}") = "Shelf", "Shelf", "{C9EF0A2B-0599-4DD1-A00A-58060E035D1B}"
EndProject
Project("{9A19103F-16F7-4668-BE54-9A1E7A4F7556}") = "Shelves.API", "Services\Shelf\Shelves.API\Shelves.API.csproj", "{62D6FD15-4E76-42A5-871B-14F57550511F}"
EndProject
Project("{2150E333-8FDC-42A3-9474-1A3956D46DE8}") = "BuildingBlocks", "BuildingBlocks", "{1CBD8CE7-DEB2-4C86-B138-E1C84B29B0C1}"
EndProject
Project("{E53339B2-1760-4266-BCC7-CA923CBCF16C}") = "docker-compose", "docker-compose.dcproj", "{D52B2A64-B537-4DBE-871C-930E377341FA}"
EndProject
Project("{2150E333-8FDC-42A3-9474-1A3956D46DE8}") = "Solution Items", "Solution Items", "{5F33ABF6-AB7F-4461-95AB-CD2AACF99D6C}"
	ProjectSection(SolutionItems) = preProject
		.env = .env
	EndProjectSection
EndProject
Project("{2150E333-8FDC-42A3-9474-1A3956D46DE8}") = "Identity", "Identity", "{8D050876-F3B6-489D-AE25-DC166E25E15D}"
EndProject
Project("{9A19103F-16F7-4668-BE54-9A1E7A4F7556}") = "Identity.API", "Services\Identity\Identity.API\Identity.API.csproj", "{6A88E6CE-E0F1-4C5A-B4D6-8F9F990CC7EA}"
EndProject
Project("{2150E333-8FDC-42A3-9474-1A3956D46DE8}") = "tests", "tests", "{F27DF24B-0BBD-44C7-8E67-FC9541BBF287}"
EndProject
Project("{9A19103F-16F7-4668-BE54-9A1E7A4F7556}") = "Catalog.UnitTests", "Services\Catalog\Catalog.UnitTests\Catalog.UnitTests.csproj", "{E6794AF6-A0CB-4D8D-AA16-29096BA11AF8}"
EndProject
Project("{2150E333-8FDC-42A3-9474-1A3956D46DE8}") = "Web Apps", "Web Apps", "{943F1D06-E29B-4B8E-8968-3DCBF04F9B7A}"
EndProject
Project("{9A19103F-16F7-4668-BE54-9A1E7A4F7556}") = "WebMVC", "Web\WebMVC\WebMVC.csproj", "{5C25519D-9597-4815-8C82-A68F1B71E695}"
EndProject
Project("{2150E333-8FDC-42A3-9474-1A3956D46DE8}") = "EventBasedCommunication", "EventBasedCommunication", "{77574B0C-8AB5-43C0-9CB6-1E9E8F3FD9B3}"
EndProject
Project("{FAE04EC0-301F-11D3-BF4B-00C04F79EFBC}") = "EventBus", "BuildingBlocks\EventBasedCommunication\EventBus\EventBus.csproj", "{548D85FD-D16B-46F2-B8DD-321D7467924A}"
EndProject
Project("{FAE04EC0-301F-11D3-BF4B-00C04F79EFBC}") = "EventBusRabbitMQ", "BuildingBlocks\EventBasedCommunication\EventBusRabbitMQ\EventBusRabbitMQ.csproj", "{32D427ED-694E-4FED-9B4C-B4451EC0F606}"
EndProject
Global
	GlobalSection(SolutionConfigurationPlatforms) = preSolution
		Debug|Any CPU = Debug|Any CPU
		Release|Any CPU = Release|Any CPU
	EndGlobalSection
	GlobalSection(ProjectConfigurationPlatforms) = postSolution
		{8DC337D5-F9EB-4B81-A87E-D8DC4797E9EA}.Debug|Any CPU.ActiveCfg = Debug|Any CPU
		{8DC337D5-F9EB-4B81-A87E-D8DC4797E9EA}.Debug|Any CPU.Build.0 = Debug|Any CPU
		{8DC337D5-F9EB-4B81-A87E-D8DC4797E9EA}.Release|Any CPU.ActiveCfg = Release|Any CPU
		{8DC337D5-F9EB-4B81-A87E-D8DC4797E9EA}.Release|Any CPU.Build.0 = Release|Any CPU
		{62D6FD15-4E76-42A5-871B-14F57550511F}.Debug|Any CPU.ActiveCfg = Debug|Any CPU
		{62D6FD15-4E76-42A5-871B-14F57550511F}.Debug|Any CPU.Build.0 = Debug|Any CPU
		{62D6FD15-4E76-42A5-871B-14F57550511F}.Release|Any CPU.ActiveCfg = Release|Any CPU
		{62D6FD15-4E76-42A5-871B-14F57550511F}.Release|Any CPU.Build.0 = Release|Any CPU
		{D52B2A64-B537-4DBE-871C-930E377341FA}.Debug|Any CPU.ActiveCfg = Debug|Any CPU
		{D52B2A64-B537-4DBE-871C-930E377341FA}.Debug|Any CPU.Build.0 = Debug|Any CPU
		{D52B2A64-B537-4DBE-871C-930E377341FA}.Release|Any CPU.ActiveCfg = Release|Any CPU
		{D52B2A64-B537-4DBE-871C-930E377341FA}.Release|Any CPU.Build.0 = Release|Any CPU
		{6A88E6CE-E0F1-4C5A-B4D6-8F9F990CC7EA}.Debug|Any CPU.ActiveCfg = Debug|Any CPU
		{6A88E6CE-E0F1-4C5A-B4D6-8F9F990CC7EA}.Debug|Any CPU.Build.0 = Debug|Any CPU
		{6A88E6CE-E0F1-4C5A-B4D6-8F9F990CC7EA}.Release|Any CPU.ActiveCfg = Release|Any CPU
		{6A88E6CE-E0F1-4C5A-B4D6-8F9F990CC7EA}.Release|Any CPU.Build.0 = Release|Any CPU
		{E6794AF6-A0CB-4D8D-AA16-29096BA11AF8}.Debug|Any CPU.ActiveCfg = Debug|Any CPU
		{E6794AF6-A0CB-4D8D-AA16-29096BA11AF8}.Debug|Any CPU.Build.0 = Debug|Any CPU
		{E6794AF6-A0CB-4D8D-AA16-29096BA11AF8}.Release|Any CPU.ActiveCfg = Release|Any CPU
		{E6794AF6-A0CB-4D8D-AA16-29096BA11AF8}.Release|Any CPU.Build.0 = Release|Any CPU
		{5C25519D-9597-4815-8C82-A68F1B71E695}.Debug|Any CPU.ActiveCfg = Debug|Any CPU
		{5C25519D-9597-4815-8C82-A68F1B71E695}.Debug|Any CPU.Build.0 = Debug|Any CPU
		{5C25519D-9597-4815-8C82-A68F1B71E695}.Release|Any CPU.ActiveCfg = Release|Any CPU
		{5C25519D-9597-4815-8C82-A68F1B71E695}.Release|Any CPU.Build.0 = Release|Any CPU
		{548D85FD-D16B-46F2-B8DD-321D7467924A}.Debug|Any CPU.ActiveCfg = Debug|Any CPU
		{548D85FD-D16B-46F2-B8DD-321D7467924A}.Debug|Any CPU.Build.0 = Debug|Any CPU
		{548D85FD-D16B-46F2-B8DD-321D7467924A}.Release|Any CPU.ActiveCfg = Release|Any CPU
		{548D85FD-D16B-46F2-B8DD-321D7467924A}.Release|Any CPU.Build.0 = Release|Any CPU
		{32D427ED-694E-4FED-9B4C-B4451EC0F606}.Debug|Any CPU.ActiveCfg = Debug|Any CPU
		{32D427ED-694E-4FED-9B4C-B4451EC0F606}.Debug|Any CPU.Build.0 = Debug|Any CPU
		{32D427ED-694E-4FED-9B4C-B4451EC0F606}.Release|Any CPU.ActiveCfg = Release|Any CPU
		{32D427ED-694E-4FED-9B4C-B4451EC0F606}.Release|Any CPU.Build.0 = Release|Any CPU
	EndGlobalSection
	GlobalSection(SolutionProperties) = preSolution
		HideSolutionNode = FALSE
	EndGlobalSection
	GlobalSection(NestedProjects) = preSolution
		{8059F8A0-0C16-4940-97FD-FA03ABAE61E3} = {34BEBE2C-C6BD-44AA-9084-5420C1327EC7}
		{8DC337D5-F9EB-4B81-A87E-D8DC4797E9EA} = {C5A8B874-8129-4A78-96F8-10BF08D5C773}
		{C5A8B874-8129-4A78-96F8-10BF08D5C773} = {8059F8A0-0C16-4940-97FD-FA03ABAE61E3}
		{C9EF0A2B-0599-4DD1-A00A-58060E035D1B} = {8059F8A0-0C16-4940-97FD-FA03ABAE61E3}
		{62D6FD15-4E76-42A5-871B-14F57550511F} = {C9EF0A2B-0599-4DD1-A00A-58060E035D1B}
		{1CBD8CE7-DEB2-4C86-B138-E1C84B29B0C1} = {34BEBE2C-C6BD-44AA-9084-5420C1327EC7}
		{8D050876-F3B6-489D-AE25-DC166E25E15D} = {8059F8A0-0C16-4940-97FD-FA03ABAE61E3}
		{6A88E6CE-E0F1-4C5A-B4D6-8F9F990CC7EA} = {8D050876-F3B6-489D-AE25-DC166E25E15D}
		{F27DF24B-0BBD-44C7-8E67-FC9541BBF287} = {C5A8B874-8129-4A78-96F8-10BF08D5C773}
		{E6794AF6-A0CB-4D8D-AA16-29096BA11AF8} = {F27DF24B-0BBD-44C7-8E67-FC9541BBF287}
		{943F1D06-E29B-4B8E-8968-3DCBF04F9B7A} = {34BEBE2C-C6BD-44AA-9084-5420C1327EC7}
		{5C25519D-9597-4815-8C82-A68F1B71E695} = {943F1D06-E29B-4B8E-8968-3DCBF04F9B7A}
		{77574B0C-8AB5-43C0-9CB6-1E9E8F3FD9B3} = {1CBD8CE7-DEB2-4C86-B138-E1C84B29B0C1}
		{548D85FD-D16B-46F2-B8DD-321D7467924A} = {77574B0C-8AB5-43C0-9CB6-1E9E8F3FD9B3}
		{32D427ED-694E-4FED-9B4C-B4451EC0F606} = {77574B0C-8AB5-43C0-9CB6-1E9E8F3FD9B3}
	EndGlobalSection
	GlobalSection(ExtensibilityGlobals) = postSolution
		SolutionGuid = {D1DD4F01-15BB-4A0A-870B-3D4203996C2C}
	EndGlobalSection
EndGlobal
